// !$*UTF8*$!
{
	archiveVersion = 1;
	classes = {
	};
	objectVersion = 46;
	objects = {

/* Begin PBXBuildFile section */
		F5E1C5C51DED0FD1004982A9 /* main.m in Sources */ = {isa = PBXBuildFile; fileRef = F5E1C5C41DED0FD1004982A9 /* main.m */; };
		F5E1C5C81DED0FD1004982A9 /* AppDelegate.m in Sources */ = {isa = PBXBuildFile; fileRef = F5E1C5C71DED0FD1004982A9 /* AppDelegate.m */; };
		F5E1C5CB1DED0FD1004982A9 /* ViewController.m in Sources */ = {isa = PBXBuildFile; fileRef = F5E1C5CA1DED0FD1004982A9 /* ViewController.m */; };
		F5E1C5CE1DED0FD1004982A9 /* Main.storyboard in Resources */ = {isa = PBXBuildFile; fileRef = F5E1C5CC1DED0FD1004982A9 /* Main.storyboard */; };
		F5E1C5D01DED0FD1004982A9 /* Assets.xcassets in Resources */ = {isa = PBXBuildFile; fileRef = F5E1C5CF1DED0FD1004982A9 /* Assets.xcassets */; };
		F5E1C5D31DED0FD1004982A9 /* LaunchScreen.storyboard in Resources */ = {isa = PBXBuildFile; fileRef = F5E1C5D11DED0FD1004982A9 /* LaunchScreen.storyboard */; };
		F5E1C5DE1DED0FD1004982A9 /* WaterFlowViewTests.m in Sources */ = {isa = PBXBuildFile; fileRef = F5E1C5DD1DED0FD1004982A9 /* WaterFlowViewTests.m */; };
		F5E1C5E91DED0FD1004982A9 /* WaterFlowViewUITests.m in Sources */ = {isa = PBXBuildFile; fileRef = F5E1C5E81DED0FD1004982A9 /* WaterFlowViewUITests.m */; };
		F5E1C5F91DED106A004982A9 /* OWWaterFlowView.m in Sources */ = {isa = PBXBuildFile; fileRef = F5E1C5F81DED106A004982A9 /* OWWaterFlowView.m */; };
		F5E1C5FC1DED112F004982A9 /* OWWaterFlowViewCell.m in Sources */ = {isa = PBXBuildFile; fileRef = F5E1C5FB1DED112F004982A9 /* OWWaterFlowViewCell.m */; };
		F5E1C6151DED20FA004982A9 /* 01.JPG in Resources */ = {isa = PBXBuildFile; fileRef = F5E1C5FE1DED20FA004982A9 /* 01.JPG */; };
		F5E1C6161DED20FA004982A9 /* 02.png in Resources */ = {isa = PBXBuildFile; fileRef = F5E1C5FF1DED20FA004982A9 /* 02.png */; };
		F5E1C6171DED20FA004982A9 /* 03.JPG in Resources */ = {isa = PBXBuildFile; fileRef = F5E1C6001DED20FA004982A9 /* 03.JPG */; };
		F5E1C6181DED20FA004982A9 /* 04.jpg in Resources */ = {isa = PBXBuildFile; fileRef = F5E1C6011DED20FA004982A9 /* 04.jpg */; };
		F5E1C6191DED20FA004982A9 /* 05.png in Resources */ = {isa = PBXBuildFile; fileRef = F5E1C6021DED20FA004982A9 /* 05.png */; };
		F5E1C61A1DED20FA004982A9 /* 06.jpg in Resources */ = {isa = PBXBuildFile; fileRef = F5E1C6031DED20FA004982A9 /* 06.jpg */; };
		F5E1C61B1DED20FA004982A9 /* 07.png in Resources */ = {isa = PBXBuildFile; fileRef = F5E1C6041DED20FA004982A9 /* 07.png */; };
		F5E1C61C1DED20FA004982A9 /* 08.jpg in Resources */ = {isa = PBXBuildFile; fileRef = F5E1C6051DED20FA004982A9 /* 08.jpg */; };
		F5E1C61D1DED20FA004982A9 /* 09.jpg in Resources */ = {isa = PBXBuildFile; fileRef = F5E1C6061DED20FA004982A9 /* 09.jpg */; };
		F5E1C61E1DED20FA004982A9 /* 10.jpg in Resources */ = {isa = PBXBuildFile; fileRef = F5E1C6071DED20FA004982A9 /* 10.jpg */; };
		F5E1C61F1DED20FA004982A9 /* 11.png in Resources */ = {isa = PBXBuildFile; fileRef = F5E1C6081DED20FA004982A9 /* 11.png */; };
		F5E1C6201DED20FA004982A9 /* 12.jpg in Resources */ = {isa = PBXBuildFile; fileRef = F5E1C6091DED20FA004982A9 /* 12.jpg */; };
		F5E1C6211DED20FA004982A9 /* 13.jpg in Resources */ = {isa = PBXBuildFile; fileRef = F5E1C60A1DED20FA004982A9 /* 13.jpg */; };
		F5E1C6221DED20FA004982A9 /* 14.jpg in Resources */ = {isa = PBXBuildFile; fileRef = F5E1C60B1DED20FA004982A9 /* 14.jpg */; };
		F5E1C6231DED20FA004982A9 /* 15.jpg in Resources */ = {isa = PBXBuildFile; fileRef = F5E1C60C1DED20FA004982A9 /* 15.jpg */; };
		F5E1C6241DED20FA004982A9 /* 16.jpg in Resources */ = {isa = PBXBuildFile; fileRef = F5E1C60D1DED20FA004982A9 /* 16.jpg */; };
		F5E1C6251DED20FA004982A9 /* 17.jpg in Resources */ = {isa = PBXBuildFile; fileRef = F5E1C60E1DED20FA004982A9 /* 17.jpg */; };
		F5E1C6261DED20FA004982A9 /* 18.jpg in Resources */ = {isa = PBXBuildFile; fileRef = F5E1C60F1DED20FA004982A9 /* 18.jpg */; };
		F5E1C6271DED20FA004982A9 /* 19.jpg in Resources */ = {isa = PBXBuildFile; fileRef = F5E1C6101DED20FA004982A9 /* 19.jpg */; };
		F5E1C6281DED20FA004982A9 /* 20.jpg in Resources */ = {isa = PBXBuildFile; fileRef = F5E1C6111DED20FA004982A9 /* 20.jpg */; };
		F5E1C6291DED20FA004982A9 /* 21.png in Resources */ = {isa = PBXBuildFile; fileRef = F5E1C6121DED20FA004982A9 /* 21.png */; };
		F5E1C62A1DED20FA004982A9 /* 22.jpg in Resources */ = {isa = PBXBuildFile; fileRef = F5E1C6131DED20FA004982A9 /* 22.jpg */; };
		F5E1C62B1DED20FA004982A9 /* 23.jpg in Resources */ = {isa = PBXBuildFile; fileRef = F5E1C6141DED20FA004982A9 /* 23.jpg */; };
/* End PBXBuildFile section */

/* Begin PBXContainerItemProxy section */
		F5E1C5DA1DED0FD1004982A9 /* PBXContainerItemProxy */ = {
			isa = PBXContainerItemProxy;
			containerPortal = F5E1C5B81DED0FD1004982A9 /* Project object */;
			proxyType = 1;
			remoteGlobalIDString = F5E1C5BF1DED0FD1004982A9;
			remoteInfo = WaterFlowView;
		};
		F5E1C5E51DED0FD1004982A9 /* PBXContainerItemProxy */ = {
			isa = PBXContainerItemProxy;
			containerPortal = F5E1C5B81DED0FD1004982A9 /* Project object */;
			proxyType = 1;
			remoteGlobalIDString = F5E1C5BF1DED0FD1004982A9;
			remoteInfo = WaterFlowView;
		};
/* End PBXContainerItemProxy section */

/* Begin PBXFileReference section */
		F5E1C5C01DED0FD1004982A9 /* WaterFlowView.app */ = {isa = PBXFileReference; explicitFileType = wrapper.application; includeInIndex = 0; path = WaterFlowView.app; sourceTree = BUILT_PRODUCTS_DIR; };
		F5E1C5C41DED0FD1004982A9 /* main.m */ = {isa = PBXFileReference; lastKnownFileType = sourcecode.c.objc; path = main.m; sourceTree = "<group>"; };
		F5E1C5C61DED0FD1004982A9 /* AppDelegate.h */ = {isa = PBXFileReference; lastKnownFileType = sourcecode.c.h; path = AppDelegate.h; sourceTree = "<group>"; };
		F5E1C5C71DED0FD1004982A9 /* AppDelegate.m */ = {isa = PBXFileReference; lastKnownFileType = sourcecode.c.objc; path = AppDelegate.m; sourceTree = "<group>"; };
		F5E1C5C91DED0FD1004982A9 /* ViewController.h */ = {isa = PBXFileReference; lastKnownFileType = sourcecode.c.h; path = ViewController.h; sourceTree = "<group>"; };
		F5E1C5CA1DED0FD1004982A9 /* ViewController.m */ = {isa = PBXFileReference; lastKnownFileType = sourcecode.c.objc; path = ViewController.m; sourceTree = "<group>"; };
		F5E1C5CD1DED0FD1004982A9 /* Base */ = {isa = PBXFileReference; lastKnownFileType = file.storyboard; name = Base; path = Base.lproj/Main.storyboard; sourceTree = "<group>"; };
		F5E1C5CF1DED0FD1004982A9 /* Assets.xcassets */ = {isa = PBXFileReference; lastKnownFileType = folder.assetcatalog; path = Assets.xcassets; sourceTree = "<group>"; };
		F5E1C5D21DED0FD1004982A9 /* Base */ = {isa = PBXFileReference; lastKnownFileType = file.storyboard; name = Base; path = Base.lproj/LaunchScreen.storyboard; sourceTree = "<group>"; };
		F5E1C5D41DED0FD1004982A9 /* Info.plist */ = {isa = PBXFileReference; lastKnownFileType = text.plist.xml; path = Info.plist; sourceTree = "<group>"; };
		F5E1C5D91DED0FD1004982A9 /* WaterFlowViewTests.xctest */ = {isa = PBXFileReference; explicitFileType = wrapper.cfbundle; includeInIndex = 0; path = WaterFlowViewTests.xctest; sourceTree = BUILT_PRODUCTS_DIR; };
		F5E1C5DD1DED0FD1004982A9 /* WaterFlowViewTests.m */ = {isa = PBXFileReference; lastKnownFileType = sourcecode.c.objc; path = WaterFlowViewTests.m; sourceTree = "<group>"; };
		F5E1C5DF1DED0FD1004982A9 /* Info.plist */ = {isa = PBXFileReference; lastKnownFileType = text.plist.xml; path = Info.plist; sourceTree = "<group>"; };
		F5E1C5E41DED0FD1004982A9 /* WaterFlowViewUITests.xctest */ = {isa = PBXFileReference; explicitFileType = wrapper.cfbundle; includeInIndex = 0; path = WaterFlowViewUITests.xctest; sourceTree = BUILT_PRODUCTS_DIR; };
		F5E1C5E81DED0FD1004982A9 /* WaterFlowViewUITests.m */ = {isa = PBXFileReference; lastKnownFileType = sourcecode.c.objc; path = WaterFlowViewUITests.m; sourceTree = "<group>"; };
		F5E1C5EA1DED0FD1004982A9 /* Info.plist */ = {isa = PBXFileReference; lastKnownFileType = text.plist.xml; path = Info.plist; sourceTree = "<group>"; };
		F5E1C5F71DED106A004982A9 /* OWWaterFlowView.h */ = {isa = PBXFileReference; fileEncoding = 4; lastKnownFileType = sourcecode.c.h; path = OWWaterFlowView.h; sourceTree = "<group>"; };
		F5E1C5F81DED106A004982A9 /* OWWaterFlowView.m */ = {isa = PBXFileReference; fileEncoding = 4; lastKnownFileType = sourcecode.c.objc; path = OWWaterFlowView.m; sourceTree = "<group>"; };
		F5E1C5FA1DED112F004982A9 /* OWWaterFlowViewCell.h */ = {isa = PBXFileReference; fileEncoding = 4; lastKnownFileType = sourcecode.c.h; path = OWWaterFlowViewCell.h; sourceTree = "<group>"; };
		F5E1C5FB1DED112F004982A9 /* OWWaterFlowViewCell.m */ = {isa = PBXFileReference; fileEncoding = 4; lastKnownFileType = sourcecode.c.objc; path = OWWaterFlowViewCell.m; sourceTree = "<group>"; };
		F5E1C5FE1DED20FA004982A9 /* 01.JPG */ = {isa = PBXFileReference; lastKnownFileType = image.jpeg; path = 01.JPG; sourceTree = "<group>"; };
		F5E1C5FF1DED20FA004982A9 /* 02.png */ = {isa = PBXFileReference; lastKnownFileType = image.png; path = 02.png; sourceTree = "<group>"; };
		F5E1C6001DED20FA004982A9 /* 03.JPG */ = {isa = PBXFileReference; lastKnownFileType = image.jpeg; path = 03.JPG; sourceTree = "<group>"; };
		F5E1C6011DED20FA004982A9 /* 04.jpg */ = {isa = PBXFileReference; lastKnownFileType = image.jpeg; path = 04.jpg; sourceTree = "<group>"; };
		F5E1C6021DED20FA004982A9 /* 05.png */ = {isa = PBXFileReference; lastKnownFileType = image.png; path = 05.png; sourceTree = "<group>"; };
		F5E1C6031DED20FA004982A9 /* 06.jpg */ = {isa = PBXFileReference; lastKnownFileType = image.jpeg; path = 06.jpg; sourceTree = "<group>"; };
		F5E1C6041DED20FA004982A9 /* 07.png */ = {isa = PBXFileReference; lastKnownFileType = image.png; path = 07.png; sourceTree = "<group>"; };
		F5E1C6051DED20FA004982A9 /* 08.jpg */ = {isa = PBXFileReference; lastKnownFileType = image.jpeg; path = 08.jpg; sourceTree = "<group>"; };
		F5E1C6061DED20FA004982A9 /* 09.jpg */ = {isa = PBXFileReference; lastKnownFileType = image.jpeg; path = 09.jpg; sourceTree = "<group>"; };
		F5E1C6071DED20FA004982A9 /* 10.jpg */ = {isa = PBXFileReference; lastKnownFileType = image.jpeg; path = 10.jpg; sourceTree = "<group>"; };
		F5E1C6081DED20FA004982A9 /* 11.png */ = {isa = PBXFileReference; lastKnownFileType = image.png; path = 11.png; sourceTree = "<group>"; };
		F5E1C6091DED20FA004982A9 /* 12.jpg */ = {isa = PBXFileReference; lastKnownFileType = image.jpeg; path = 12.jpg; sourceTree = "<group>"; };
		F5E1C60A1DED20FA004982A9 /* 13.jpg */ = {isa = PBXFileReference; lastKnownFileType = image.jpeg; path = 13.jpg; sourceTree = "<group>"; };
		F5E1C60B1DED20FA004982A9 /* 14.jpg */ = {isa = PBXFileReference; lastKnownFileType = image.jpeg; path = 14.jpg; sourceTree = "<group>"; };
		F5E1C60C1DED20FA004982A9 /* 15.jpg */ = {isa = PBXFileReference; lastKnownFileType = image.jpeg; path = 15.jpg; sourceTree = "<group>"; };
		F5E1C60D1DED20FA004982A9 /* 16.jpg */ = {isa = PBXFileReference; lastKnownFileType = image.jpeg; path = 16.jpg; sourceTree = "<group>"; };
		F5E1C60E1DED20FA004982A9 /* 17.jpg */ = {isa = PBXFileReference; lastKnownFileType = image.jpeg; path = 17.jpg; sourceTree = "<group>"; };
		F5E1C60F1DED20FA004982A9 /* 18.jpg */ = {isa = PBXFileReference; lastKnownFileType = image.jpeg; path = 18.jpg; sourceTree = "<group>"; };
		F5E1C6101DED20FA004982A9 /* 19.jpg */ = {isa = PBXFileReference; lastKnownFileType = image.jpeg; path = 19.jpg; sourceTree = "<group>"; };
		F5E1C6111DED20FA004982A9 /* 20.jpg */ = {isa = PBXFileReference; lastKnownFileType = image.jpeg; path = 20.jpg; sourceTree = "<group>"; };
		F5E1C6121DED20FA004982A9 /* 21.png */ = {isa = PBXFileReference; lastKnownFileType = image.png; path = 21.png; sourceTree = "<group>"; };
		F5E1C6131DED20FA004982A9 /* 22.jpg */ = {isa = PBXFileReference; lastKnownFileType = image.jpeg; path = 22.jpg; sourceTree = "<group>"; };
		F5E1C6141DED20FA004982A9 /* 23.jpg */ = {isa = PBXFileReference; lastKnownFileType = image.jpeg; path = 23.jpg; sourceTree = "<group>"; };
/* End PBXFileReference section */

/* Begin PBXFrameworksBuildPhase section */
		F5E1C5BD1DED0FD1004982A9 /* Frameworks */ = {
			isa = PBXFrameworksBuildPhase;
			buildActionMask = 2147483647;
			files = (
			);
			runOnlyForDeploymentPostprocessing = 0;
		};
		F5E1C5D61DED0FD1004982A9 /* Frameworks */ = {
			isa = PBXFrameworksBuildPhase;
			buildActionMask = 2147483647;
			files = (
			);
			runOnlyForDeploymentPostprocessing = 0;
		};
		F5E1C5E11DED0FD1004982A9 /* Frameworks */ = {
			isa = PBXFrameworksBuildPhase;
			buildActionMask = 2147483647;
			files = (
			);
			runOnlyForDeploymentPostprocessing = 0;
		};
/* End PBXFrameworksBuildPhase section */

/* Begin PBXGroup section */
		F5E1C5B71DED0FD1004982A9 = {
			isa = PBXGroup;
			children = (
				F5E1C5F61DED0FEA004982A9 /* OWWaterFlowView */,
				F5E1C5C21DED0FD1004982A9 /* WaterFlowView */,
				F5E1C5DC1DED0FD1004982A9 /* WaterFlowViewTests */,
				F5E1C5E71DED0FD1004982A9 /* WaterFlowViewUITests */,
				F5E1C5C11DED0FD1004982A9 /* Products */,
			);
			sourceTree = "<group>";
		};
		F5E1C5C11DED0FD1004982A9 /* Products */ = {
			isa = PBXGroup;
			children = (
				F5E1C5C01DED0FD1004982A9 /* WaterFlowView.app */,
				F5E1C5D91DED0FD1004982A9 /* WaterFlowViewTests.xctest */,
				F5E1C5E41DED0FD1004982A9 /* WaterFlowViewUITests.xctest */,
			);
			name = Products;
			sourceTree = "<group>";
		};
		F5E1C5C21DED0FD1004982A9 /* WaterFlowView */ = {
			isa = PBXGroup;
			children = (
				F5E1C5FD1DED20FA004982A9 /* testImages */,
				F5E1C5C61DED0FD1004982A9 /* AppDelegate.h */,
				F5E1C5C71DED0FD1004982A9 /* AppDelegate.m */,
				F5E1C5C91DED0FD1004982A9 /* ViewController.h */,
				F5E1C5CA1DED0FD1004982A9 /* ViewController.m */,
				F5E1C5CC1DED0FD1004982A9 /* Main.storyboard */,
				F5E1C5CF1DED0FD1004982A9 /* Assets.xcassets */,
				F5E1C5D11DED0FD1004982A9 /* LaunchScreen.storyboard */,
				F5E1C5D41DED0FD1004982A9 /* Info.plist */,
				F5E1C5C31DED0FD1004982A9 /* Supporting Files */,
			);
			path = WaterFlowView;
			sourceTree = "<group>";
		};
		F5E1C5C31DED0FD1004982A9 /* Supporting Files */ = {
			isa = PBXGroup;
			children = (
				F5E1C5C41DED0FD1004982A9 /* main.m */,
			);
			name = "Supporting Files";
			sourceTree = "<group>";
		};
		F5E1C5DC1DED0FD1004982A9 /* WaterFlowViewTests */ = {
			isa = PBXGroup;
			children = (
				F5E1C5DD1DED0FD1004982A9 /* WaterFlowViewTests.m */,
				F5E1C5DF1DED0FD1004982A9 /* Info.plist */,
			);
			path = WaterFlowViewTests;
			sourceTree = "<group>";
		};
		F5E1C5E71DED0FD1004982A9 /* WaterFlowViewUITests */ = {
			isa = PBXGroup;
			children = (
				F5E1C5E81DED0FD1004982A9 /* WaterFlowViewUITests.m */,
				F5E1C5EA1DED0FD1004982A9 /* Info.plist */,
			);
			path = WaterFlowViewUITests;
			sourceTree = "<group>";
		};
		F5E1C5F61DED0FEA004982A9 /* OWWaterFlowView */ = {
			isa = PBXGroup;
			children = (
				F5E1C5F71DED106A004982A9 /* OWWaterFlowView.h */,
				F5E1C5F81DED106A004982A9 /* OWWaterFlowView.m */,
				F5E1C5FA1DED112F004982A9 /* OWWaterFlowViewCell.h */,
				F5E1C5FB1DED112F004982A9 /* OWWaterFlowViewCell.m */,
			);
			name = OWWaterFlowView;
			path = ../OWWaterFlowView;
			sourceTree = "<group>";
		};
		F5E1C5FD1DED20FA004982A9 /* testImages */ = {
			isa = PBXGroup;
			children = (
				F5E1C5FE1DED20FA004982A9 /* 01.JPG */,
				F5E1C5FF1DED20FA004982A9 /* 02.png */,
				F5E1C6001DED20FA004982A9 /* 03.JPG */,
				F5E1C6011DED20FA004982A9 /* 04.jpg */,
				F5E1C6021DED20FA004982A9 /* 05.png */,
				F5E1C6031DED20FA004982A9 /* 06.jpg */,
				F5E1C6041DED20FA004982A9 /* 07.png */,
				F5E1C6051DED20FA004982A9 /* 08.jpg */,
				F5E1C6061DED20FA004982A9 /* 09.jpg */,
				F5E1C6071DED20FA004982A9 /* 10.jpg */,
				F5E1C6081DED20FA004982A9 /* 11.png */,
				F5E1C6091DED20FA004982A9 /* 12.jpg */,
				F5E1C60A1DED20FA004982A9 /* 13.jpg */,
				F5E1C60B1DED20FA004982A9 /* 14.jpg */,
				F5E1C60C1DED20FA004982A9 /* 15.jpg */,
				F5E1C60D1DED20FA004982A9 /* 16.jpg */,
				F5E1C60E1DED20FA004982A9 /* 17.jpg */,
				F5E1C60F1DED20FA004982A9 /* 18.jpg */,
				F5E1C6101DED20FA004982A9 /* 19.jpg */,
				F5E1C6111DED20FA004982A9 /* 20.jpg */,
				F5E1C6121DED20FA004982A9 /* 21.png */,
				F5E1C6131DED20FA004982A9 /* 22.jpg */,
				F5E1C6141DED20FA004982A9 /* 23.jpg */,
			);
			path = testImages;
			sourceTree = SOURCE_ROOT;
		};
/* End PBXGroup section */

/* Begin PBXNativeTarget section */
		F5E1C5BF1DED0FD1004982A9 /* WaterFlowView */ = {
			isa = PBXNativeTarget;
			buildConfigurationList = F5E1C5ED1DED0FD1004982A9 /* Build configuration list for PBXNativeTarget "WaterFlowView" */;
			buildPhases = (
				F5E1C5BC1DED0FD1004982A9 /* Sources */,
				F5E1C5BD1DED0FD1004982A9 /* Frameworks */,
				F5E1C5BE1DED0FD1004982A9 /* Resources */,
			);
			buildRules = (
			);
			dependencies = (
			);
			name = WaterFlowView;
			productName = WaterFlowView;
			productReference = F5E1C5C01DED0FD1004982A9 /* WaterFlowView.app */;
			productType = "com.apple.product-type.application";
		};
		F5E1C5D81DED0FD1004982A9 /* WaterFlowViewTests */ = {
			isa = PBXNativeTarget;
			buildConfigurationList = F5E1C5F01DED0FD1004982A9 /* Build configuration list for PBXNativeTarget "WaterFlowViewTests" */;
			buildPhases = (
				F5E1C5D51DED0FD1004982A9 /* Sources */,
				F5E1C5D61DED0FD1004982A9 /* Frameworks */,
				F5E1C5D71DED0FD1004982A9 /* Resources */,
			);
			buildRules = (
			);
			dependencies = (
				F5E1C5DB1DED0FD1004982A9 /* PBXTargetDependency */,
			);
			name = WaterFlowViewTests;
			productName = WaterFlowViewTests;
			productReference = F5E1C5D91DED0FD1004982A9 /* WaterFlowViewTests.xctest */;
			productType = "com.apple.product-type.bundle.unit-test";
		};
		F5E1C5E31DED0FD1004982A9 /* WaterFlowViewUITests */ = {
			isa = PBXNativeTarget;
			buildConfigurationList = F5E1C5F31DED0FD1004982A9 /* Build configuration list for PBXNativeTarget "WaterFlowViewUITests" */;
			buildPhases = (
				F5E1C5E01DED0FD1004982A9 /* Sources */,
				F5E1C5E11DED0FD1004982A9 /* Frameworks */,
				F5E1C5E21DED0FD1004982A9 /* Resources */,
			);
			buildRules = (
			);
			dependencies = (
				F5E1C5E61DED0FD1004982A9 /* PBXTargetDependency */,
			);
			name = WaterFlowViewUITests;
			productName = WaterFlowViewUITests;
			productReference = F5E1C5E41DED0FD1004982A9 /* WaterFlowViewUITests.xctest */;
			productType = "com.apple.product-type.bundle.ui-testing";
		};
/* End PBXNativeTarget section */

/* Begin PBXProject section */
		F5E1C5B81DED0FD1004982A9 /* Project object */ = {
			isa = PBXProject;
			attributes = {
				LastUpgradeCheck = 0810;
				ORGANIZATIONNAME = conpak;
				TargetAttributes = {
					F5E1C5BF1DED0FD1004982A9 = {
						CreatedOnToolsVersion = 8.1;
						DevelopmentTeam = 5997FHFDCF;
						ProvisioningStyle = Automatic;
					};
					F5E1C5D81DED0FD1004982A9 = {
						CreatedOnToolsVersion = 8.1;
						DevelopmentTeam = 5997FHFDCF;
						ProvisioningStyle = Automatic;
						TestTargetID = F5E1C5BF1DED0FD1004982A9;
					};
					F5E1C5E31DED0FD1004982A9 = {
						CreatedOnToolsVersion = 8.1;
						DevelopmentTeam = 5997FHFDCF;
						ProvisioningStyle = Automatic;
						TestTargetID = F5E1C5BF1DED0FD1004982A9;
					};
				};
			};
			buildConfigurationList = F5E1C5BB1DED0FD1004982A9 /* Build configuration list for PBXProject "WaterFlowView" */;
			compatibilityVersion = "Xcode 3.2";
			developmentRegion = English;
			hasScannedForEncodings = 0;
			knownRegions = (
				en,
				Base,
			);
			mainGroup = F5E1C5B71DED0FD1004982A9;
			productRefGroup = F5E1C5C11DED0FD1004982A9 /* Products */;
			projectDirPath = "";
			projectRoot = "";
			targets = (
				F5E1C5BF1DED0FD1004982A9 /* WaterFlowView */,
				F5E1C5D81DED0FD1004982A9 /* WaterFlowViewTests */,
				F5E1C5E31DED0FD1004982A9 /* WaterFlowViewUITests */,
			);
		};
/* End PBXProject section */

/* Begin PBXResourcesBuildPhase section */
		F5E1C5BE1DED0FD1004982A9 /* Resources */ = {
			isa = PBXResourcesBuildPhase;
			buildActionMask = 2147483647;
			files = (
				F5E1C62B1DED20FA004982A9 /* 23.jpg in Resources */,
				F5E1C61E1DED20FA004982A9 /* 10.jpg in Resources */,
				F5E1C61B1DED20FA004982A9 /* 07.png in Resources */,
				F5E1C6281DED20FA004982A9 /* 20.jpg in Resources */,
				F5E1C6161DED20FA004982A9 /* 02.png in Resources */,
				F5E1C61C1DED20FA004982A9 /* 08.jpg in Resources */,
				F5E1C5D31DED0FD1004982A9 /* LaunchScreen.storyboard in Resources */,
				F5E1C6261DED20FA004982A9 /* 18.jpg in Resources */,
				F5E1C6251DED20FA004982A9 /* 17.jpg in Resources */,
				F5E1C6201DED20FA004982A9 /* 12.jpg in Resources */,
				F5E1C61F1DED20FA004982A9 /* 11.png in Resources */,
				F5E1C62A1DED20FA004982A9 /* 22.jpg in Resources */,
				F5E1C6271DED20FA004982A9 /* 19.jpg in Resources */,
				F5E1C6171DED20FA004982A9 /* 03.JPG in Resources */,
				F5E1C6221DED20FA004982A9 /* 14.jpg in Resources */,
				F5E1C61A1DED20FA004982A9 /* 06.jpg in Resources */,
				F5E1C6211DED20FA004982A9 /* 13.jpg in Resources */,
				F5E1C61D1DED20FA004982A9 /* 09.jpg in Resources */,
				F5E1C5D01DED0FD1004982A9 /* Assets.xcassets in Resources */,
				F5E1C6181DED20FA004982A9 /* 04.jpg in Resources */,
				F5E1C6151DED20FA004982A9 /* 01.JPG in Resources */,
				F5E1C6191DED20FA004982A9 /* 05.png in Resources */,
				F5E1C6291DED20FA004982A9 /* 21.png in Resources */,
				F5E1C6241DED20FA004982A9 /* 16.jpg in Resources */,
				F5E1C5CE1DED0FD1004982A9 /* Main.storyboard in Resources */,
				F5E1C6231DED20FA004982A9 /* 15.jpg in Resources */,
			);
			runOnlyForDeploymentPostprocessing = 0;
		};
		F5E1C5D71DED0FD1004982A9 /* Resources */ = {
			isa = PBXResourcesBuildPhase;
			buildActionMask = 2147483647;
			files = (
			);
			runOnlyForDeploymentPostprocessing = 0;
		};
		F5E1C5E21DED0FD1004982A9 /* Resources */ = {
			isa = PBXResourcesBuildPhase;
			buildActionMask = 2147483647;
			files = (
			);
			runOnlyForDeploymentPostprocessing = 0;
		};
/* End PBXResourcesBuildPhase section */

/* Begin PBXSourcesBuildPhase section */
		F5E1C5BC1DED0FD1004982A9 /* Sources */ = {
			isa = PBXSourcesBuildPhase;
			buildActionMask = 2147483647;
			files = (
				F5E1C5F91DED106A004982A9 /* OWWaterFlowView.m in Sources */,
				F5E1C5CB1DED0FD1004982A9 /* ViewController.m in Sources */,
				F5E1C5C81DED0FD1004982A9 /* AppDelegate.m in Sources */,
				F5E1C5FC1DED112F004982A9 /* OWWaterFlowViewCell.m in Sources */,
				F5E1C5C51DED0FD1004982A9 /* main.m in Sources */,
			);
			runOnlyForDeploymentPostprocessing = 0;
		};
		F5E1C5D51DED0FD1004982A9 /* Sources */ = {
			isa = PBXSourcesBuildPhase;
			buildActionMask = 2147483647;
			files = (
				F5E1C5DE1DED0FD1004982A9 /* WaterFlowViewTests.m in Sources */,
			);
			runOnlyForDeploymentPostprocessing = 0;
		};
		F5E1C5E01DED0FD1004982A9 /* Sources */ = {
			isa = PBXSourcesBuildPhase;
			buildActionMask = 2147483647;
			files = (
				F5E1C5E91DED0FD1004982A9 /* WaterFlowViewUITests.m in Sources */,
			);
			runOnlyForDeploymentPostprocessing = 0;
		};
/* End PBXSourcesBuildPhase section */

/* Begin PBXTargetDependency section */
		F5E1C5DB1DED0FD1004982A9 /* PBXTargetDependency */ = {
			isa = PBXTargetDependency;
			target = F5E1C5BF1DED0FD1004982A9 /* WaterFlowView */;
			targetProxy = F5E1C5DA1DED0FD1004982A9 /* PBXContainerItemProxy */;
		};
		F5E1C5E61DED0FD1004982A9 /* PBXTargetDependency */ = {
			isa = PBXTargetDependency;
			target = F5E1C5BF1DED0FD1004982A9 /* WaterFlowView */;
			targetProxy = F5E1C5E51DED0FD1004982A9 /* PBXContainerItemProxy */;
		};
/* End PBXTargetDependency section */

/* Begin PBXVariantGroup section */
		F5E1C5CC1DED0FD1004982A9 /* Main.storyboard */ = {
			isa = PBXVariantGroup;
			children = (
				F5E1C5CD1DED0FD1004982A9 /* Base */,
			);
			name = Main.storyboard;
			sourceTree = "<group>";
		};
		F5E1C5D11DED0FD1004982A9 /* LaunchScreen.storyboard */ = {
			isa = PBXVariantGroup;
			children = (
				F5E1C5D21DED0FD1004982A9 /* Base */,
			);
			name = LaunchScreen.storyboard;
			sourceTree = "<group>";
		};
/* End PBXVariantGroup section */

/* Begin XCBuildConfiguration section */
		F5E1C5EB1DED0FD1004982A9 /* Debug */ = {
			isa = XCBuildConfiguration;
			buildSettings = {
				ALWAYS_SEARCH_USER_PATHS = NO;
				CLANG_ANALYZER_NONNULL = YES;
				CLANG_CXX_LANGUAGE_STANDARD = "gnu++0x";
				CLANG_CXX_LIBRARY = "libc++";
				CLANG_ENABLE_MODULES = YES;
				CLANG_ENABLE_OBJC_ARC = YES;
				CLANG_WARN_BOOL_CONVERSION = YES;
				CLANG_WARN_CONSTANT_CONVERSION = YES;
				CLANG_WARN_DIRECT_OBJC_ISA_USAGE = YES_ERROR;
				CLANG_WARN_DOCUMENTATION_COMMENTS = YES;
				CLANG_WARN_EMPTY_BODY = YES;
				CLANG_WARN_ENUM_CONVERSION = YES;
				CLANG_WARN_INFINITE_RECURSION = YES;
				CLANG_WARN_INT_CONVERSION = YES;
				CLANG_WARN_OBJC_ROOT_CLASS = YES_ERROR;
				CLANG_WARN_SUSPICIOUS_MOVES = YES;
				CLANG_WARN_UNREACHABLE_CODE = YES;
				CLANG_WARN__DUPLICATE_METHOD_MATCH = YES;
				"CODE_SIGN_IDENTITY[sdk=iphoneos*]" = "iPhone Developer";
				COPY_PHASE_STRIP = NO;
				DEBUG_INFORMATION_FORMAT = dwarf;
				ENABLE_STRICT_OBJC_MSGSEND = YES;
				ENABLE_TESTABILITY = YES;
				GCC_C_LANGUAGE_STANDARD = gnu99;
				GCC_DYNAMIC_NO_PIC = NO;
				GCC_NO_COMMON_BLOCKS = YES;
				GCC_OPTIMIZATION_LEVEL = 0;
				GCC_PREPROCESSOR_DEFINITIONS = (
					"DEBUG=1",
					"$(inherited)",
				);
				GCC_WARN_64_TO_32_BIT_CONVERSION = YES;
				GCC_WARN_ABOUT_RETURN_TYPE = YES_ERROR;
				GCC_WARN_UNDECLARED_SELECTOR = YES;
				GCC_WARN_UNINITIALIZED_AUTOS = YES_AGGRESSIVE;
				GCC_WARN_UNUSED_FUNCTION = YES;
				GCC_WARN_UNUSED_VARIABLE = YES;
				IPHONEOS_DEPLOYMENT_TARGET = 10.1;
				MTL_ENABLE_DEBUG_INFO = YES;
				ONLY_ACTIVE_ARCH = YES;
				SDKROOT = iphoneos;
				TARGETED_DEVICE_FAMILY = "1,2";
			};
			name = Debug;
		};
		F5E1C5EC1DED0FD1004982A9 /* Release */ = {
			isa = XCBuildConfiguration;
			buildSettings = {
				ALWAYS_SEARCH_USER_PATHS = NO;
				CLANG_ANALYZER_NONNULL = YES;
				CLANG_CXX_LANGUAGE_STANDARD = "gnu++0x";
				CLANG_CXX_LIBRARY = "libc++";
				CLANG_ENABLE_MODULES = YES;
				CLANG_ENABLE_OBJC_ARC = YES;
				CLANG_WARN_BOOL_CONVERSION = YES;
				CLANG_WARN_CONSTANT_CONVERSION = YES;
				CLANG_WARN_DIRECT_OBJC_ISA_USAGE = YES_ERROR;
				CLANG_WARN_DOCUMENTATION_COMMENTS = YES;
				CLANG_WARN_EMPTY_BODY = YES;
				CLANG_WARN_ENUM_CONVERSION = YES;
				CLANG_WARN_INFINITE_RECURSION = YES;
				CLANG_WARN_INT_CONVERSION = YES;
				CLANG_WARN_OBJC_ROOT_CLASS = YES_ERROR;
				CLANG_WARN_SUSPICIOUS_MOVES = YES;
				CLANG_WARN_UNREACHABLE_CODE = YES;
				CLANG_WARN__DUPLICATE_METHOD_MATCH = YES;
				"CODE_SIGN_IDENTITY[sdk=iphoneos*]" = "iPhone Developer";
				COPY_PHASE_STRIP = NO;
				DEBUG_INFORMATION_FORMAT = "dwarf-with-dsym";
				ENABLE_NS_ASSERTIONS = NO;
				ENABLE_STRICT_OBJC_MSGSEND = YES;
				GCC_C_LANGUAGE_STANDARD = gnu99;
				GCC_NO_COMMON_BLOCKS = YES;
				GCC_WARN_64_TO_32_BIT_CONVERSION = YES;
				GCC_WARN_ABOUT_RETURN_TYPE = YES_ERROR;
				GCC_WARN_UNDECLARED_SELECTOR = YES;
				GCC_WARN_UNINITIALIZED_AUTOS = YES_AGGRESSIVE;
				GCC_WARN_UNUSED_FUNCTION = YES;
				GCC_WARN_UNUSED_VARIABLE = YES;
				IPHONEOS_DEPLOYMENT_TARGET = 10.1;
				MTL_ENABLE_DEBUG_INFO = NO;
				SDKROOT = iphoneos;
				TARGETED_DEVICE_FAMILY = "1,2";
				VALIDATE_PRODUCT = YES;
			};
			name = Release;
		};
		F5E1C5EE1DED0FD1004982A9 /* Debug */ = {
			isa = XCBuildConfiguration;
			buildSettings = {
				ASSETCATALOG_COMPILER_APPICON_NAME = AppIcon;
				DEVELOPMENT_TEAM = 5997FHFDCF;
				INFOPLIST_FILE = WaterFlowView/Info.plist;
				LD_RUNPATH_SEARCH_PATHS = "$(inherited) @executable_path/Frameworks";
				PRODUCT_BUNDLE_IDENTIFIER = com.Owen.WaterFlowView;
				PRODUCT_NAME = "$(TARGET_NAME)";
			};
			name = Debug;
		};
		F5E1C5EF1DED0FD1004982A9 /* Release */ = {
			isa = XCBuildConfiguration;
			buildSettings = {
				ASSETCATALOG_COMPILER_APPICON_NAME = AppIcon;
				DEVELOPMENT_TEAM = 5997FHFDCF;
				INFOPLIST_FILE = WaterFlowView/Info.plist;
				LD_RUNPATH_SEARCH_PATHS = "$(inherited) @executable_path/Frameworks";
				PRODUCT_BUNDLE_IDENTIFIER = com.Owen.WaterFlowView;
				PRODUCT_NAME = "$(TARGET_NAME)";
			};
			name = Release;
		};
		F5E1C5F11DED0FD1004982A9 /* Debug */ = {
			isa = XCBuildConfiguration;
			buildSettings = {
				BUNDLE_LOADER = "$(TEST_HOST)";
				DEVELOPMENT_TEAM = 5997FHFDCF;
				INFOPLIST_FILE = WaterFlowViewTests/Info.plist;
				LD_RUNPATH_SEARCH_PATHS = "$(inherited) @executable_path/Frameworks @loader_path/Frameworks";
				PRODUCT_BUNDLE_IDENTIFIER = com.Owen.WaterFlowViewTests;
				PRODUCT_NAME = "$(TARGET_NAME)";
				TEST_HOST = "$(BUILT_PRODUCTS_DIR)/WaterFlowView.app/WaterFlowView";
			};
			name = Debug;
		};
		F5E1C5F21DED0FD1004982A9 /* Release */ = {
			isa = XCBuildConfiguration;
			buildSettings = {
				BUNDLE_LOADER = "$(TEST_HOST)";
				DEVELOPMENT_TEAM = 5997FHFDCF;
				INFOPLIST_FILE = WaterFlowViewTests/Info.plist;
				LD_RUNPATH_SEARCH_PATHS = "$(inherited) @executable_path/Frameworks @loader_path/Frameworks";
				PRODUCT_BUNDLE_IDENTIFIER = com.Owen.WaterFlowViewTests;
				PRODUCT_NAME = "$(TARGET_NAME)";
				TEST_HOST = "$(BUILT_PRODUCTS_DIR)/WaterFlowView.app/WaterFlowView";
			};
			name = Release;
		};
		F5E1C5F41DED0FD1004982A9 /* Debug */ = {
			isa = XCBuildConfiguration;
			buildSettings = {
				DEVELOPMENT_TEAM = 5997FHFDCF;
				INFOPLIST_FILE = WaterFlowViewUITests/Info.plist;
				LD_RUNPATH_SEARCH_PATHS = "$(inherited) @executable_path/Frameworks @loader_path/Frameworks";
				PRODUCT_BUNDLE_IDENTIFIER = com.Owen.WaterFlowViewUITests;
				PRODUCT_NAME = "$(TARGET_NAME)";
				TEST_TARGET_NAME = WaterFlowView;
			};
			name = Debug;
		};
		F5E1C5F51DED0FD1004982A9 /* Release */ = {
			isa = XCBuildConfiguration;
			buildSettings = {
				DEVELOPMENT_TEAM = 5997FHFDCF;
				INFOPLIST_FILE = WaterFlowViewUITests/Info.plist;
				LD_RUNPATH_SEARCH_PATHS = "$(inherited) @executable_path/Frameworks @loader_path/Frameworks";
				PRODUCT_BUNDLE_IDENTIFIER = com.Owen.WaterFlowViewUITests;
				PRODUCT_NAME = "$(TARGET_NAME)";
				TEST_TARGET_NAME = WaterFlowView;
			};
			name = Release;
		};
/* End XCBuildConfiguration section */

/* Begin XCConfigurationList section */
		F5E1C5BB1DED0FD1004982A9 /* Build configuration list for PBXProject "WaterFlowView" */ = {
			isa = XCConfigurationList;
			buildConfigurations = (
				F5E1C5EB1DED0FD1004982A9 /* Debug */,
				F5E1C5EC1DED0FD1004982A9 /* Release */,
			);
			defaultConfigurationIsVisible = 0;
			defaultConfigurationName = Release;
		};
		F5E1C5ED1DED0FD1004982A9 /* Build configuration list for PBXNativeTarget "WaterFlowView" */ = {
			isa = XCConfigurationList;
			buildConfigurations = (
				F5E1C5EE1DED0FD1004982A9 /* Debug */,
				F5E1C5EF1DED0FD1004982A9 /* Release */,
			);
			defaultConfigurationIsVisible = 0;
		};
		F5E1C5F01DED0FD1004982A9 /* Build configuration list for PBXNativeTarget "WaterFlowViewTests" */ = {
			isa = XCConfigurationList;
			buildConfigurations = (
				F5E1C5F11DED0FD1004982A9 /* Debug */,
				F5E1C5F21DED0FD1004982A9 /* Release */,
			);
			defaultConfigurationIsVisible = 0;
		};
		F5E1C5F31DED0FD1004982A9 /* Build configuration list for PBXNativeTarget "WaterFlowViewUITests" */ = {
			isa = XCConfigurationList;
			buildConfigurations = (
				F5E1C5F41DED0FD1004982A9 /* Debug */,
				F5E1C5F51DED0FD1004982A9 /* Release */,
			);
			defaultConfigurationIsVisible = 0;
		};
/* End XCConfigurationList section */
	};
	rootObject = F5E1C5B81DED0FD1004982A9 /* Project object */;
}
